
Microsoft Visual Studio Solution File, Format Version 12.00
# Visual Studio Version 17
VisualStudioVersion = 17.11.35222.181
MinimumVisualStudioVersion = 10.0.40219.1
Project("{9A19103F-16F7-4668-BE54-9A1E7A4F7556}") = "TodoApp.Server", "TodoApp.Server\TodoApp.Server.csproj", "{CBCA9307-0751-4A81-8EC7-8CA38F35D286}"
EndProject
Project("{54A90642-561A-4BB1-A94E-469ADEE60C69}") = "todoapp.client", "todoapp.client\todoapp.client.esproj", "{B3EFA187-F9A8-4D94-9CA3-AA9DA5847C2B}"
EndProject
Project("{9A19103F-16F7-4668-BE54-9A1E7A4F7556}") = "TodoApp.Server.Tests", "TodoApp.Server.Tests\TodoApp.Server.Tests.csproj", "{C4CEF371-5F88-493E-AF3F-01ACDC0A1B31}"
EndProject
Project("{2150E333-8FDC-42A3-9474-1A3956D46DE8}") = "Solution Items", "Solution Items", "{DF2BFAE2-8468-4679-8A29-4DAF576CD5B3}"
	ProjectSection(SolutionItems) = preProject
		.gitignore = .gitignore
	EndProjectSection
EndProject
Global
	GlobalSection(SolutionConfigurationPlatforms) = preSolution
		Debug|Any CPU = Debug|Any CPU
		Release|Any CPU = Release|Any CPU
	EndGlobalSection
	GlobalSection(ProjectConfigurationPlatforms) = postSolution
		{CBCA9307-0751-4A81-8EC7-8CA38F35D286}.Debug|Any CPU.ActiveCfg = Debug|Any CPU
		{CBCA9307-0751-4A81-8EC7-8CA38F35D286}.Debug|Any CPU.Build.0 = Debug|Any CPU
		{CBCA9307-0751-4A81-8EC7-8CA38F35D286}.Release|Any CPU.ActiveCfg = Release|Any CPU
		{CBCA9307-0751-4A81-8EC7-8CA38F35D286}.Release|Any CPU.Build.0 = Release|Any CPU
		{B3EFA187-F9A8-4D94-9CA3-AA9DA5847C2B}.Debug|Any CPU.ActiveCfg = Debug|Any CPU
		{B3EFA187-F9A8-4D94-9CA3-AA9DA5847C2B}.Debug|Any CPU.Build.0 = Debug|Any CPU
		{B3EFA187-F9A8-4D94-9CA3-AA9DA5847C2B}.Debug|Any CPU.Deploy.0 = Debug|Any CPU
		{B3EFA187-F9A8-4D94-9CA3-AA9DA5847C2B}.Release|Any CPU.ActiveCfg = Release|Any CPU
		{B3EFA187-F9A8-4D94-9CA3-AA9DA5847C2B}.Release|Any CPU.Build.0 = Release|Any CPU
		{B3EFA187-F9A8-4D94-9CA3-AA9DA5847C2B}.Release|Any CPU.Deploy.0 = Release|Any CPU
		{C4CEF371-5F88-493E-AF3F-01ACDC0A1B31}.Debug|Any CPU.ActiveCfg = Debug|Any CPU
		{C4CEF371-5F88-493E-AF3F-01ACDC0A1B31}.Debug|Any CPU.Build.0 = Debug|Any CPU
		{C4CEF371-5F88-493E-AF3F-01ACDC0A1B31}.Release|Any CPU.ActiveCfg = Release|Any CPU
		{C4CEF371-5F88-493E-AF3F-01ACDC0A1B31}.Release|Any CPU.Build.0 = Release|Any CPU
	EndGlobalSection
	GlobalSection(SolutionProperties) = preSolution
		HideSolutionNode = FALSE
	EndGlobalSection
	GlobalSection(ExtensibilityGlobals) = postSolution
		SolutionGuid = {CBF65224-7D27-48DA-905E-B049507F1223}
	EndGlobalSection
EndGlobal
